
Microsoft Visual Studio Solution File, Format Version 12.00
# Visual Studio Version 17
VisualStudioVersion = 17.0.32014.148
MinimumVisualStudioVersion = 10.0.40219.1
Project("{9A19103F-16F7-4668-BE54-9A1E7A4F7556}") = "Apique", "Apique\Apique.csproj", "{784E8141-A1B1-469B-A0D2-3321829EB113}"
EndProject
Project("{9A19103F-16F7-4668-BE54-9A1E7A4F7556}") = "DataLibrary", "DataLibrary\DataLibrary.csproj", "{7A4999E3-17E7-496F-970E-E5B0628A957A}"
EndProject
Project("{9A19103F-16F7-4668-BE54-9A1E7A4F7556}") = "RestClientLibrary", "RestClientLibrary\RestClientLibrary.csproj", "{F1C9FE7D-D09E-4BA8-89A9-19055144EB37}"
EndProject
Project("{9A19103F-16F7-4668-BE54-9A1E7A4F7556}") = "AdvanceTextEditor", "AdvanceTextEditor\AdvanceTextEditor.csproj", "{F57BE3D8-4832-4C3A-884C-9FBE58FFEEBE}"
EndProject
Project("{2150E333-8FDC-42A3-9474-1A3956D46DE8}") = "Solution Items", "Solution Items", "{55C2F885-354F-4873-A88D-63BB58598DF7}"
	ProjectSection(SolutionItems) = preProject
		.github\workflows\dotnet-desktop.yml = .github\workflows\dotnet-desktop.yml
	EndProjectSection
EndProject
Project("{C7167F0D-BC9F-4E6E-AFE1-012C56B48DB5}") = "ApiquePackage", "ApiquePackage\ApiquePackage.wapproj", "{2615C0FF-99E9-44B3-B687-E91BF00A1994}"
EndProject
Global
	GlobalSection(SolutionConfigurationPlatforms) = preSolution
		Debug|Any CPU = Debug|Any CPU
		Debug|ARM = Debug|ARM
		Debug|ARM64 = Debug|ARM64
		Debug|x64 = Debug|x64
		Debug|x86 = Debug|x86
		Release|Any CPU = Release|Any CPU
		Release|ARM = Release|ARM
		Release|ARM64 = Release|ARM64
		Release|x64 = Release|x64
		Release|x86 = Release|x86
	EndGlobalSection
	GlobalSection(ProjectConfigurationPlatforms) = postSolution
		{784E8141-A1B1-469B-A0D2-3321829EB113}.Debug|Any CPU.ActiveCfg = Debug|Any CPU
		{784E8141-A1B1-469B-A0D2-3321829EB113}.Debug|Any CPU.Build.0 = Debug|Any CPU
		{784E8141-A1B1-469B-A0D2-3321829EB113}.Debug|ARM.ActiveCfg = Debug|Any CPU
		{784E8141-A1B1-469B-A0D2-3321829EB113}.Debug|ARM.Build.0 = Debug|Any CPU
		{784E8141-A1B1-469B-A0D2-3321829EB113}.Debug|ARM64.ActiveCfg = Debug|Any CPU
		{784E8141-A1B1-469B-A0D2-3321829EB113}.Debug|ARM64.Build.0 = Debug|Any CPU
		{784E8141-A1B1-469B-A0D2-3321829EB113}.Debug|x64.ActiveCfg = Debug|Any CPU
		{784E8141-A1B1-469B-A0D2-3321829EB113}.Debug|x64.Build.0 = Debug|Any CPU
		{784E8141-A1B1-469B-A0D2-3321829EB113}.Debug|x86.ActiveCfg = Debug|Any CPU
		{784E8141-A1B1-469B-A0D2-3321829EB113}.Debug|x86.Build.0 = Debug|Any CPU
		{784E8141-A1B1-469B-A0D2-3321829EB113}.Release|Any CPU.ActiveCfg = Release|Any CPU
		{784E8141-A1B1-469B-A0D2-3321829EB113}.Release|Any CPU.Build.0 = Release|Any CPU
		{784E8141-A1B1-469B-A0D2-3321829EB113}.Release|ARM.ActiveCfg = Release|Any CPU
		{784E8141-A1B1-469B-A0D2-3321829EB113}.Release|ARM.Build.0 = Release|Any CPU
		{784E8141-A1B1-469B-A0D2-3321829EB113}.Release|ARM64.ActiveCfg = Release|Any CPU
		{784E8141-A1B1-469B-A0D2-3321829EB113}.Release|ARM64.Build.0 = Release|Any CPU
		{784E8141-A1B1-469B-A0D2-3321829EB113}.Release|x64.ActiveCfg = Release|Any CPU
		{784E8141-A1B1-469B-A0D2-3321829EB113}.Release|x64.Build.0 = Release|Any CPU
		{784E8141-A1B1-469B-A0D2-3321829EB113}.Release|x86.ActiveCfg = Release|Any CPU
		{784E8141-A1B1-469B-A0D2-3321829EB113}.Release|x86.Build.0 = Release|Any CPU
		{7A4999E3-17E7-496F-970E-E5B0628A957A}.Debug|Any CPU.ActiveCfg = Debug|Any CPU
		{7A4999E3-17E7-496F-970E-E5B0628A957A}.Debug|Any CPU.Build.0 = Debug|Any CPU
		{7A4999E3-17E7-496F-970E-E5B0628A957A}.Debug|ARM.ActiveCfg = Debug|Any CPU
		{7A4999E3-17E7-496F-970E-E5B0628A957A}.Debug|ARM.Build.0 = Debug|Any CPU
		{7A4999E3-17E7-496F-970E-E5B0628A957A}.Debug|ARM64.ActiveCfg = Debug|Any CPU
		{7A4999E3-17E7-496F-970E-E5B0628A957A}.Debug|ARM64.Build.0 = Debug|Any CPU
		{7A4999E3-17E7-496F-970E-E5B0628A957A}.Debug|x64.ActiveCfg = Debug|Any CPU
		{7A4999E3-17E7-496F-970E-E5B0628A957A}.Debug|x64.Build.0 = Debug|Any CPU
		{7A4999E3-17E7-496F-970E-E5B0628A957A}.Debug|x86.ActiveCfg = Debug|Any CPU
		{7A4999E3-17E7-496F-970E-E5B0628A957A}.Debug|x86.Build.0 = Debug|Any CPU
		{7A4999E3-17E7-496F-970E-E5B0628A957A}.Release|Any CPU.ActiveCfg = Release|Any CPU
		{7A4999E3-17E7-496F-970E-E5B0628A957A}.Release|Any CPU.Build.0 = Release|Any CPU
		{7A4999E3-17E7-496F-970E-E5B0628A957A}.Release|ARM.ActiveCfg = Release|Any CPU
		{7A4999E3-17E7-496F-970E-E5B0628A957A}.Release|ARM.Build.0 = Release|Any CPU
		{7A4999E3-17E7-496F-970E-E5B0628A957A}.Release|ARM64.ActiveCfg = Release|Any CPU
		{7A4999E3-17E7-496F-970E-E5B0628A957A}.Release|ARM64.Build.0 = Release|Any CPU
		{7A4999E3-17E7-496F-970E-E5B0628A957A}.Release|x64.ActiveCfg = Release|Any CPU
		{7A4999E3-17E7-496F-970E-E5B0628A957A}.Release|x64.Build.0 = Release|Any CPU
		{7A4999E3-17E7-496F-970E-E5B0628A957A}.Release|x86.ActiveCfg = Release|Any CPU
		{7A4999E3-17E7-496F-970E-E5B0628A957A}.Release|x86.Build.0 = Release|Any CPU
		{F1C9FE7D-D09E-4BA8-89A9-19055144EB37}.Debug|Any CPU.ActiveCfg = Debug|Any CPU
		{F1C9FE7D-D09E-4BA8-89A9-19055144EB37}.Debug|Any CPU.Build.0 = Debug|Any CPU
		{F1C9FE7D-D09E-4BA8-89A9-19055144EB37}.Debug|ARM.ActiveCfg = Debug|Any CPU
		{F1C9FE7D-D09E-4BA8-89A9-19055144EB37}.Debug|ARM.Build.0 = Debug|Any CPU
		{F1C9FE7D-D09E-4BA8-89A9-19055144EB37}.Debug|ARM64.ActiveCfg = Debug|Any CPU
		{F1C9FE7D-D09E-4BA8-89A9-19055144EB37}.Debug|ARM64.Build.0 = Debug|Any CPU
		{F1C9FE7D-D09E-4BA8-89A9-19055144EB37}.Debug|x64.ActiveCfg = Debug|Any CPU
		{F1C9FE7D-D09E-4BA8-89A9-19055144EB37}.Debug|x64.Build.0 = Debug|Any CPU
		{F1C9FE7D-D09E-4BA8-89A9-19055144EB37}.Debug|x86.ActiveCfg = Debug|Any CPU
		{F1C9FE7D-D09E-4BA8-89A9-19055144EB37}.Debug|x86.Build.0 = Debug|Any CPU
		{F1C9FE7D-D09E-4BA8-89A9-19055144EB37}.Release|Any CPU.ActiveCfg = Release|Any CPU
		{F1C9FE7D-D09E-4BA8-89A9-19055144EB37}.Release|Any CPU.Build.0 = Release|Any CPU
		{F1C9FE7D-D09E-4BA8-89A9-19055144EB37}.Release|ARM.ActiveCfg = Release|Any CPU
		{F1C9FE7D-D09E-4BA8-89A9-19055144EB37}.Release|ARM.Build.0 = Release|Any CPU
		{F1C9FE7D-D09E-4BA8-89A9-19055144EB37}.Release|ARM64.ActiveCfg = Release|Any CPU
		{F1C9FE7D-D09E-4BA8-89A9-19055144EB37}.Release|ARM64.Build.0 = Release|Any CPU
		{F1C9FE7D-D09E-4BA8-89A9-19055144EB37}.Release|x64.ActiveCfg = Release|Any CPU
		{F1C9FE7D-D09E-4BA8-89A9-19055144EB37}.Release|x64.Build.0 = Release|Any CPU
		{F1C9FE7D-D09E-4BA8-89A9-19055144EB37}.Release|x86.ActiveCfg = Release|Any CPU
		{F1C9FE7D-D09E-4BA8-89A9-19055144EB37}.Release|x86.Build.0 = Release|Any CPU
		{F57BE3D8-4832-4C3A-884C-9FBE58FFEEBE}.Debug|Any CPU.ActiveCfg = Debug|Any CPU
		{F57BE3D8-4832-4C3A-884C-9FBE58FFEEBE}.Debug|Any CPU.Build.0 = Debug|Any CPU
		{F57BE3D8-4832-4C3A-884C-9FBE58FFEEBE}.Debug|ARM.ActiveCfg = Debug|Any CPU
		{F57BE3D8-4832-4C3A-884C-9FBE58FFEEBE}.Debug|ARM.Build.0 = Debug|Any CPU
		{F57BE3D8-4832-4C3A-884C-9FBE58FFEEBE}.Debug|ARM64.ActiveCfg = Debug|Any CPU
		{F57BE3D8-4832-4C3A-884C-9FBE58FFEEBE}.Debug|ARM64.Build.0 = Debug|Any CPU
		{F57BE3D8-4832-4C3A-884C-9FBE58FFEEBE}.Debug|x64.ActiveCfg = Debug|Any CPU
		{F57BE3D8-4832-4C3A-884C-9FBE58FFEEBE}.Debug|x64.Build.0 = Debug|Any CPU
		{F57BE3D8-4832-4C3A-884C-9FBE58FFEEBE}.Debug|x86.ActiveCfg = Debug|Any CPU
		{F57BE3D8-4832-4C3A-884C-9FBE58FFEEBE}.Debug|x86.Build.0 = Debug|Any CPU
		{F57BE3D8-4832-4C3A-884C-9FBE58FFEEBE}.Release|Any CPU.ActiveCfg = Release|Any CPU
		{F57BE3D8-4832-4C3A-884C-9FBE58FFEEBE}.Release|Any CPU.Build.0 = Release|Any CPU
		{F57BE3D8-4832-4C3A-884C-9FBE58FFEEBE}.Release|ARM.ActiveCfg = Release|Any CPU
		{F57BE3D8-4832-4C3A-884C-9FBE58FFEEBE}.Release|ARM.Build.0 = Release|Any CPU
		{F57BE3D8-4832-4C3A-884C-9FBE58FFEEBE}.Release|ARM64.ActiveCfg = Release|Any CPU
		{F57BE3D8-4832-4C3A-884C-9FBE58FFEEBE}.Release|ARM64.Build.0 = Release|Any CPU
		{F57BE3D8-4832-4C3A-884C-9FBE58FFEEBE}.Release|x64.ActiveCfg = Release|Any CPU
		{F57BE3D8-4832-4C3A-884C-9FBE58FFEEBE}.Release|x64.Build.0 = Release|Any CPU
		{F57BE3D8-4832-4C3A-884C-9FBE58FFEEBE}.Release|x86.ActiveCfg = Release|Any CPU
		{F57BE3D8-4832-4C3A-884C-9FBE58FFEEBE}.Release|x86.Build.0 = Release|Any CPU
		{2615C0FF-99E9-44B3-B687-E91BF00A1994}.Debug|Any CPU.ActiveCfg = Debug|Any CPU
		{2615C0FF-99E9-44B3-B687-E91BF00A1994}.Debug|Any CPU.Build.0 = Debug|Any CPU
		{2615C0FF-99E9-44B3-B687-E91BF00A1994}.Debug|Any CPU.Deploy.0 = Debug|Any CPU
		{2615C0FF-99E9-44B3-B687-E91BF00A1994}.Debug|ARM.ActiveCfg = Debug|ARM
		{2615C0FF-99E9-44B3-B687-E91BF00A1994}.Debug|ARM.Build.0 = Debug|ARM
		{2615C0FF-99E9-44B3-B687-E91BF00A1994}.Debug|ARM.Deploy.0 = Debug|ARM
		{2615C0FF-99E9-44B3-B687-E91BF00A1994}.Debug|ARM64.ActiveCfg = Debug|ARM64
		{2615C0FF-99E9-44B3-B687-E91BF00A1994}.Debug|ARM64.Build.0 = Debug|ARM64
		{2615C0FF-99E9-44B3-B687-E91BF00A1994}.Debug|ARM64.Deploy.0 = Debug|ARM64
		{2615C0FF-99E9-44B3-B687-E91BF00A1994}.Debug|x64.ActiveCfg = Debug|x64
		{2615C0FF-99E9-44B3-B687-E91BF00A1994}.Debug|x64.Build.0 = Debug|x64
		{2615C0FF-99E9-44B3-B687-E91BF00A1994}.Debug|x64.Deploy.0 = Debug|x64
		{2615C0FF-99E9-44B3-B687-E91BF00A1994}.Debug|x86.ActiveCfg = Debug|x86
		{2615C0FF-99E9-44B3-B687-E91BF00A1994}.Debug|x86.Build.0 = Debug|x86
		{2615C0FF-99E9-44B3-B687-E91BF00A1994}.Debug|x86.Deploy.0 = Debug|x86
		{2615C0FF-99E9-44B3-B687-E91BF00A1994}.Release|Any CPU.ActiveCfg = Release|Any CPU
		{2615C0FF-99E9-44B3-B687-E91BF00A1994}.Release|Any CPU.Build.0 = Release|Any CPU
		{2615C0FF-99E9-44B3-B687-E91BF00A1994}.Release|Any CPU.Deploy.0 = Release|Any CPU
		{2615C0FF-99E9-44B3-B687-E91BF00A1994}.Release|ARM.ActiveCfg = Release|ARM
		{2615C0FF-99E9-44B3-B687-E91BF00A1994}.Release|ARM.Build.0 = Release|ARM
		{2615C0FF-99E9-44B3-B687-E91BF00A1994}.Release|ARM.Deploy.0 = Release|ARM
		{2615C0FF-99E9-44B3-B687-E91BF00A1994}.Release|ARM64.ActiveCfg = Release|ARM64
		{2615C0FF-99E9-44B3-B687-E91BF00A1994}.Release|ARM64.Build.0 = Release|ARM64
		{2615C0FF-99E9-44B3-B687-E91BF00A1994}.Release|ARM64.Deploy.0 = Release|ARM64
		{2615C0FF-99E9-44B3-B687-E91BF00A1994}.Release|x64.ActiveCfg = Release|x64
		{2615C0FF-99E9-44B3-B687-E91BF00A1994}.Release|x64.Build.0 = Release|x64
		{2615C0FF-99E9-44B3-B687-E91BF00A1994}.Release|x64.Deploy.0 = Release|x64
		{2615C0FF-99E9-44B3-B687-E91BF00A1994}.Release|x86.ActiveCfg = Release|x86
		{2615C0FF-99E9-44B3-B687-E91BF00A1994}.Release|x86.Build.0 = Release|x86
		{2615C0FF-99E9-44B3-B687-E91BF00A1994}.Release|x86.Deploy.0 = Release|x86
	EndGlobalSection
	GlobalSection(SolutionProperties) = preSolution
		HideSolutionNode = FALSE
	EndGlobalSection
	GlobalSection(ExtensibilityGlobals) = postSolution
		SolutionGuid = {12AEAE4F-93C8-45C3-B567-6443D1E6F3DC}
	EndGlobalSection
EndGlobal
